{
  "name": ".commitlint",
  "lockfileVersion": 3,
  "requires": true,
  "packages": {
    "": {
      "devDependencies": {
        "@commitlint/config-conventional": "^21.0.0"
      }
    },
    "node_modules/@commitlint/config-conventional": {
      "version": "21.2.2",
      "resolved": "https://registry.npmjs.org/@commitlint/config-conventional/-/config-conventional-21.2.2.tgz",
      "integrity": "sha512-NxA37SZviusFUEYOQZ5hNnZ1h7O/KiemPkxjOlpzKJNnWxThiwc6/SaZhaPa8fyLvfRBAywhQhJJk8XESHWlpQ==",
      "dev": true,
      "license": "MIT",
      "dependencies": {
        "@commitlint/types": "^21.2.0",
        "conventional-changelog-conventionalcommits": "^10.0.0"
      },
      "engines": {
        "node": ">=22.12.0"
      }
    },
    "node_modules/@commitlint/types": {
      "version": "21.2.0",
      "resolved": "https://registry.npmjs.org/@commitlint/types/-/types-21.2.0.tgz",
      "integrity": "sha512-7zVFCDB2reMvJH5dmbKnOQPjZEvjdJTH8jc0U/PIPU1r3/+vf5pD1HlfitV2MWsWXrvu7u39iY1lyLUPOaN0Gw==",
      "dev": true,
      "license": "MIT",
      "dependencies": {
        "conventional-commits-parser": "^7.0.0",
        "picocolors": "^1.1.1"
      },
      "engines": {
        "node": ">=22.12.0"
      }
    },
    "node_modules/@conventional-changelog/template": {
      "version": "1.4.0",
      "resolved": "https://registry.npmjs.org/@conventional-changelog/template/-/template-1.4.0.tgz",
      "integrity": "sha512-aalGyl7dbB5PArRebDIX43ZvBlXrYm9uWzGJ26t+4SzJVPsOuvfILGGbw5X4yX7i50YEmJ8zvbiWnqH/AAnZqg==",
      "dev": true,
      "license": "MIT",
      "engines": {
        "node": ">=22"
      }
    },
    "node_modules/@simple-libs/stream-utils": {
      "version": "2.0.0",
      "resolved": "https://registry.npmjs.org/@simple-libs/stream-utils/-/stream-utils-2.0.0.tgz",
      "integrity": "sha512-fCTuZK4QBa+39Oz9l4OGfJfz+GpwCp3AqO7Zch3to99xHPgstVsRFpeQ8LNd2o1Gv8raL2mCFwiaHh7bFSp5DQ==",
      "dev": true,
      "license": "MIT",
      "engines": {
        "node": ">=22"
      },
      "funding": {
        "url": "https://ko-fi.com/dangreen"
      }
    },
    "node_modules/argue-cli": {
      "version": "3.2.0",
      "resolved": "https://registry.npmjs.org/argue-cli/-/argue-cli-3.2.0.tgz",
      "integrity": "sha512-VipTB0gXgGIFO2Rg9yEVN5wLt2AurJcZqDbgmYSwPwsykhLrQhs240/bfceev4w68lI8JshoOJIk9uW7tFzROw==",
      "dev": true,
      "license": "MIT",
      "engines": {
        "node": ">=22"
      },
      "funding": {
        "url": "https://ko-fi.com/dangreen"
      }
    },
    "node_modules/conventional-changelog-conventionalcommits": {
      "version": "10.4.0",
      "resolved": "https://registry.npmjs.org/conventional-changelog-conventionalcommits/-/conventional-changelog-conventionalcommits-10.4.0.tgz",
      "integrity": "sha512-Rriac6ZrAlVm6cy9Bz4NSp+WMHpwNXoPIYex+HjCgduAVUSbnew29DQjQw0C4g9u3HtSYzGiGY+pdBXAZo+4aA==",
      "dev": true,
      "license": "ISC",
      "dependencies": {
        "@conventional-changelog/template": "^1.4.0"
      },
      "engines": {
        "node": ">=22"
      }
    },
    "node_modules/conventional-commits-parser": {
      "version": "7.1.2",
      "resolved": "https://registry.npmjs.org/conventional-commits-parser/-/conventional-commits-parser-7.1.2.tgz",
      "integrity": "sha512-O+x4N2yH+ijvqWlIyTHsXTAP+algNWgGbjY2duCe8w2vUMvUB95cLRslCPfTMQyLAKlet3bhZTdu6ozn4M+QJQ==",
      "dev": true,
      "license": "MIT",
      "dependencies": {
        "@simple-libs/stream-utils": "^2.0.0",
        "argue-cli": "^3.1.0"
      },
      "bin": {
        "conventional-commits-parser": "dist/cli/index.js"
      },
      "engines": {
        "node": ">=22"
      }
    },
    "node_modules/picocolors": {
      "version": "1.1.1",
      "resolved": "https://registry.npmjs.org/picocolors/-/picocolors-1.1.1.tgz",
      "integrity": "sha512-xceH2snhtb5M9liqDsmEw56le376mTZkEX/jEb/RxNFyegNul7eNslCXP9FDj/Lcu0X8KEyMceP2ntpaHrDEVA==",
      "dev": true,
      "license": "ISC"
    }
  }
}
